
Microsoft Visual Studio Solution File, Format Version 11.00
# Visual Studio 2010
Project("{FAE04EC0-301F-11D3-BF4B-00C04F79EFBC}") = "Translate.TranslateText", "Translate.TranslateText.csproj", "{00B8F374-2AFC-4141-A0E5-30A2A6BDDB11}"
EndProject
Global
	GlobalSection(SolutionConfigurationPlatforms) = preSolution
		Debug|Any CPU = Debug|Any CPU
		Release|Any CPU = Release|Any CPU
	EndGlobalSection
	GlobalSection(ProjectConfigurationPlatforms) = postSolution
		{00B8F374-2AFC-4141-A0E5-30A2A6BDDB11}.Debug|Any CPU.ActiveCfg = Debug|Any CPU
		{00B8F374-2AFC-4141-A0E5-30A2A6BDDB11}.Debug|Any CPU.Build.0 = Debug|Any CPU
		{00B8F374-2AFC-4141-A0E5-30A2A6BDDB11}.Release|Any CPU.ActiveCfg = Release|Any CPU
		{00B8F374-2AFC-4141-A0E5-30A2A6BDDB11}.Release|Any CPU.Build.0 = Release|Any CPU
	EndGlobalSection
	GlobalSection(SolutionProperties) = preSolution
		HideSolutionNode = FALSE
	EndGlobalSection
EndGlobal
