
Microsoft Visual Studio Solution File, Format Version 10.00
# Visual Studio 2008
Project("{FAE04EC0-301F-11D3-BF4B-00C04F79EFBC}") = "Correctionary", "ClipBoardEx\Correctionary.csproj", "{AC246179-35EE-4451-8DA4-6E01F323F945}"
EndProject
Global
	GlobalSection(SolutionConfigurationPlatforms) = preSolution
		Debug|Any CPU = Debug|Any CPU
		Release|Any CPU = Release|Any CPU
	EndGlobalSection
	GlobalSection(ProjectConfigurationPlatforms) = postSolution
		{AC246179-35EE-4451-8DA4-6E01F323F945}.Debug|Any CPU.ActiveCfg = Debug|Any CPU
		{AC246179-35EE-4451-8DA4-6E01F323F945}.Debug|Any CPU.Build.0 = Debug|Any CPU
		{AC246179-35EE-4451-8DA4-6E01F323F945}.Release|Any CPU.ActiveCfg = Release|Any CPU
		{AC246179-35EE-4451-8DA4-6E01F323F945}.Release|Any CPU.Build.0 = Release|Any CPU
	EndGlobalSection
	GlobalSection(SolutionProperties) = preSolution
		HideSolutionNode = FALSE
	EndGlobalSection
EndGlobal
